<?xml version="1.0" encoding="utf-8"?>
<Project ToolsVersion="4.0" xmlns="http://schemas.microsoft.com/developer/msbuild/2003">
  <ItemGroup>
    <Filter Include="소스 파일">
      <UniqueIdentifier>{4FC737F1-C7A5-4376-A066-2A32D752A2FF}</UniqueIdentifier>
      <Extensions>cpp;c;cc;cxx;c++;cppm;ixx;def;odl;idl;hpj;bat;asm;asmx</Extensions>
    </Filter>
    <Filter Include="헤더 파일">
      <UniqueIdentifier>{93995380-89BD-4b04-88EB-625FBE52EBFB}</UniqueIdentifier>
      <Extensions>h;hh;hpp;hxx;h++;hm;inl;inc;ipp;xsd</Extensions>
    </Filter>
    <Filter Include="리소스 파일">
      <UniqueIdentifier>{67DA6AB6-F800-4c08-8B7A-83BB121AAD01}</UniqueIdentifier>
      <Extensions>rc;ico;cur;bmp;dlg;rc2;rct;bin;rgs;gif;jpg;jpeg;jpe;resx;tiff;tif;png;wav;mfcribbon-ms</Extensions>
    </Filter>
    <Filter Include="1_Manager">
      <UniqueIdentifier>{0f67ca74-1fe5-4685-92e4-e5c0e5097072}</UniqueIdentifier>
    </Filter>
    <Filter Include="2_Common">
      <UniqueIdentifier>{575761a4-c64f-45ed-b62f-806ad16033e0}</UniqueIdentifier>
    </Filter>
    <Filter Include="3_State">
      <UniqueIdentifier>{c0f1c234-506a-4b9b-9fa4-1af069472917}</UniqueIdentifier>
    </Filter>
    <Filter Include="4_PCH">
      <UniqueIdentifier>{1ef1f67d-278a-4ac7-aee8-3db87f12e7c6}</UniqueIdentifier>
    </Filter>
    <Filter Include="5_Shape">
      <UniqueIdentifier>{124fc649-0bee-4ca7-8417-933a4a0e18a1}</UniqueIdentifier>
    </Filter>
    <Filter Include="1_Manager\Collision">
      <UniqueIdentifier>{4c3c19ee-44dc-4a35-a3e4-919ee0c7759d}</UniqueIdentifier>
    </Filter>
    <Filter Include="1_Manager\Shader">
      <UniqueIdentifier>{e4035fb1-15bb-467f-a9b3-2aebf0b37309}</UniqueIdentifier>
    </Filter>
    <Filter Include="1_Manager\Texture">
      <UniqueIdentifier>{0d0c15db-b2fe-4864-afe3-2bc808e21979}</UniqueIdentifier>
    </Filter>
    <Filter Include="1_Manager\Time">
      <UniqueIdentifier>{3069edd2-068b-4c87-875e-1d94a8c44195}</UniqueIdentifier>
    </Filter>
    <Filter Include="1_Manager\key">
      <UniqueIdentifier>{4f9d6cba-b7e8-4812-8ce0-69f5f8f75cfc}</UniqueIdentifier>
    </Filter>
    <Filter Include="1_Manager\Scene">
      <UniqueIdentifier>{57e7a9d1-37de-46fb-9dfc-a0b947d360cb}</UniqueIdentifier>
    </Filter>
    <Filter Include="6_Object">
      <UniqueIdentifier>{1fa90f19-7c43-479d-a141-5290f70bb82a}</UniqueIdentifier>
    </Filter>
    <Filter Include="6_Object\Objects">
      <UniqueIdentifier>{1b4e1c69-9cb4-4dd7-a220-9d62597dbcd9}</UniqueIdentifier>
    </Filter>
    <Filter Include="0_Core">
      <UniqueIdentifier>{3d38aa43-6207-4a93-90e6-80e90fb3370d}</UniqueIdentifier>
    </Filter>
    <Filter Include="2_Common\Camera">
      <UniqueIdentifier>{2901f4df-5900-4745-9fda-4da76a7d6abb}</UniqueIdentifier>
    </Filter>
    <Filter Include="2_Common\FrameBuffer">
      <UniqueIdentifier>{4f12e7e6-1be4-4089-bbbc-19e0417d120b}</UniqueIdentifier>
    </Filter>
    <Filter Include="1_Manager\Model">
      <UniqueIdentifier>{5987b765-f00d-4d6e-b847-a68860190060}</UniqueIdentifier>
    </Filter>
    <Filter Include="리소스 파일\basic">
      <UniqueIdentifier>{2d06db2a-9f95-46b7-ba1f-be3425947d61}</UniqueIdentifier>
    </Filter>
    <Filter Include="리소스 파일\cubemap">
      <UniqueIdentifier>{66565b5a-ff0f-4f5c-8eea-f8da60aa5dd2}</UniqueIdentifier>
    </Filter>
    <Filter Include="리소스 파일\framebuffer">
      <UniqueIdentifier>{68b6fdbc-f580-4787-8ef6-7327d208d703}</UniqueIdentifier>
    </Filter>
    <Filter Include="리소스 파일\model">
      <UniqueIdentifier>{bbdb89ff-2d23-4987-b72b-907983a18d13}</UniqueIdentifier>
    </Filter>
    <Filter Include="리소스 파일\planet">
      <UniqueIdentifier>{a9d95c05-833e-46c7-8f04-dd30ae32f93d}</UniqueIdentifier>
    </Filter>
    <Filter Include="리소스 파일\asteroids">
      <UniqueIdentifier>{9d5ec53c-0318-402f-a3a6-ba738fcaa3c0}</UniqueIdentifier>
    </Filter>
    <Filter Include="리소스 파일\stencil">
      <UniqueIdentifier>{578b3528-720d-485a-b838-58d345c83991}</UniqueIdentifier>
    </Filter>
    <Filter Include="2_Common\Scenes">
      <UniqueIdentifier>{2e9d848f-7305-4eb6-bef0-5b1b9f2104d4}</UniqueIdentifier>
    </Filter>
    <Filter Include="1_Manager\Sound">
      <UniqueIdentifier>{aa235477-d604-4f43-9990-da8c9662f755}</UniqueIdentifier>
    </Filter>
  </ItemGroup>
  <ItemGroup>
    <ClCompile Include="object.cpp">
      <Filter>6_Object</Filter>
    </ClCompile>
    <ClCompile Include="State.cpp">
      <Filter>3_State</Filter>
    </ClCompile>
    <ClCompile Include="StateMachine.cpp">
      <Filter>3_State</Filter>
    </ClCompile>
    <ClCompile Include="stdafx.cpp">
      <Filter>4_PCH</Filter>
    </ClCompile>
    <ClCompile Include="CollisionManager.cpp">
      <Filter>1_Manager\Collision</Filter>
    </ClCompile>
    <ClCompile Include="Shader.cpp">
      <Filter>1_Manager\Shader</Filter>
    </ClCompile>
    <ClCompile Include="TextureLoadManager.cpp">
      <Filter>1_Manager\Texture</Filter>
    </ClCompile>
    <ClCompile Include="TimeManager.cpp">
      <Filter>1_Manager\Time</Filter>
    </ClCompile>
    <ClCompile Include="Mesh.cpp">
      <Filter>5_Shape</Filter>
    </ClCompile>
    <ClCompile Include="Model.cpp">
      <Filter>5_Shape</Filter>
    </ClCompile>
    <ClCompile Include="KeyManager.cpp">
      <Filter>1_Manager\key</Filter>
    </ClCompile>
    <ClCompile Include="ShaderManager.cpp">
      <Filter>1_Manager\Shader</Filter>
    </ClCompile>
    <ClCompile Include="Scene.cpp">
      <Filter>1_Manager\Scene</Filter>
    </ClCompile>
    <ClCompile Include="IntroScene.cpp">
      <Filter>2_Common\Scenes</Filter>
    </ClCompile>
    <ClCompile Include="SceneManager.cpp">
      <Filter>1_Manager\Scene</Filter>
    </ClCompile>
    <ClCompile Include="Camera.cpp">
      <Filter>2_Common\Camera</Filter>
    </ClCompile>
    <ClCompile Include="Core.cpp">
      <Filter>0_Core</Filter>
    </ClCompile>
    <ClCompile Include="FrameBuffer.cpp">
      <Filter>2_Common\FrameBuffer</Filter>
    </ClCompile>
    <ClCompile Include="ModelManager.cpp">
      <Filter>1_Manager\Model</Filter>
    </ClCompile>
    <ClCompile Include="Rock.cpp">
      <Filter>6_Object\Objects</Filter>
    </ClCompile>
    <ClCompile Include="practiceScene.cpp">
      <Filter>2_Common\Scenes</Filter>
    </ClCompile>
    <ClCompile Include="Earth.cpp">
      <Filter>6_Object\Objects</Filter>
    </ClCompile>
    <ClCompile Include="Mercury.cpp">
      <Filter>6_Object\Objects</Filter>
    </ClCompile>
    <ClCompile Include="Plane.cpp">
      <Filter>6_Object\Objects</Filter>
    </ClCompile>
    <ClCompile Include="Pyramid.cpp">
      <Filter>6_Object\Objects</Filter>
    </ClCompile>
    <ClCompile Include="Snow.cpp">
      <Filter>6_Object\Objects</Filter>
    </ClCompile>
    <ClCompile Include="Venus.cpp">
      <Filter>6_Object\Objects</Filter>
    </ClCompile>
    <ClCompile Include="main.cpp">
      <Filter>소스 파일</Filter>
    </ClCompile>
    <ClCompile Include="Cube.cpp">
      <Filter>6_Object\Objects</Filter>
    </ClCompile>
    <ClCompile Include="SpaceShip.cpp">
      <Filter>6_Object\Objects</Filter>
    </ClCompile>
    <ClCompile Include="SkyBox.cpp">
      <Filter>5_Shape</Filter>
    </ClCompile>
    <ClCompile Include="Sound.cpp">
      <Filter>1_Manager\Sound</Filter>
    </ClCompile>
    <ClCompile Include="SoundManager.cpp">
      <Filter>1_Manager\Sound</Filter>
    </ClCompile>
  </ItemGroup>
  <ItemGroup>
    <ClInclude Include="object.h">
      <Filter>6_Object</Filter>
    </ClInclude>
    <ClInclude Include="State.h">
      <Filter>3_State</Filter>
    </ClInclude>
    <ClInclude Include="StateMachine.h">
      <Filter>3_State</Filter>
    </ClInclude>
    <ClInclude Include="stdafx.h">
      <Filter>4_PCH</Filter>
    </ClInclude>
    <ClInclude Include="CollisionManager.h">
      <Filter>1_Manager\Collision</Filter>
    </ClInclude>
    <ClInclude Include="Shader.h">
      <Filter>1_Manager\Shader</Filter>
    </ClInclude>
    <ClInclude Include="TextureLoadManager.h">
      <Filter>1_Manager\Texture</Filter>
    </ClInclude>
    <ClInclude Include="TimeManager.h">
      <Filter>1_Manager\Time</Filter>
    </ClInclude>
    <ClInclude Include="Mesh.h">
      <Filter>5_Shape</Filter>
    </ClInclude>
    <ClInclude Include="define.h">
      <Filter>헤더 파일</Filter>
    </ClInclude>
    <ClInclude Include="Model.h">
      <Filter>5_Shape</Filter>
    </ClInclude>
    <ClInclude Include="KeyManager.h">
      <Filter>1_Manager\key</Filter>
    </ClInclude>
    <ClInclude Include="stb_image.h">
      <Filter>헤더 파일</Filter>
    </ClInclude>
    <ClInclude Include="ShaderManager.h">
      <Filter>1_Manager\Shader</Filter>
    </ClInclude>
    <ClInclude Include="Core.h">
      <Filter>0_Core</Filter>
    </ClInclude>
    <ClInclude Include="Scene.h">
      <Filter>1_Manager\Scene</Filter>
    </ClInclude>
    <ClInclude Include="IntroScene.h">
      <Filter>2_Common\Scenes</Filter>
    </ClInclude>
    <ClInclude Include="SceneManager.h">
      <Filter>1_Manager\Scene</Filter>
    </ClInclude>
    <ClInclude Include="Camera.h">
      <Filter>2_Common\Camera</Filter>
    </ClInclude>
    <ClInclude Include="FrameBuffer.h">
      <Filter>2_Common\FrameBuffer</Filter>
    </ClInclude>
    <ClInclude Include="Rock.h">
      <Filter>6_Object\Objects</Filter>
    </ClInclude>
    <ClInclude Include="ModelManager.h">
      <Filter>1_Manager\Model</Filter>
    </ClInclude>
    <ClInclude Include="practiceScene.h">
      <Filter>2_Common\Scenes</Filter>
    </ClInclude>
    <ClInclude Include="Mercury.h">
      <Filter>6_Object\Objects</Filter>
    </ClInclude>
    <ClInclude Include="Plane.h">
      <Filter>6_Object\Objects</Filter>
    </ClInclude>
    <ClInclude Include="Pyramid.h">
      <Filter>6_Object\Objects</Filter>
    </ClInclude>
    <ClInclude Include="Venus.h">
      <Filter>6_Object\Objects</Filter>
    </ClInclude>
    <ClInclude Include="Snow.h">
      <Filter>6_Object\Objects</Filter>
    </ClInclude>
    <ClInclude Include="Earth.h">
      <Filter>6_Object\Objects</Filter>
    </ClInclude>
    <ClInclude Include="Cube.h">
      <Filter>6_Object\Objects</Filter>
    </ClInclude>
    <ClInclude Include="SpaceShip.h">
      <Filter>6_Object\Objects</Filter>
    </ClInclude>
    <ClInclude Include="SkyBox.h">
      <Filter>5_Shape</Filter>
    </ClInclude>
    <ClInclude Include="Sound.h">
      <Filter>1_Manager\Sound</Filter>
    </ClInclude>
    <ClInclude Include="SoundManager.h">
      <Filter>1_Manager\Sound</Filter>
    </ClInclude>
  </ItemGroup>
  <ItemGroup>
    <None Include="Vertex.glsl">
      <Filter>리소스 파일</Filter>
    </None>
    <None Include="Fragment.glsl">
      <Filter>리소스 파일</Filter>
    </None>
    <None Include="Geometry.glsl">
      <Filter>리소스 파일</Filter>
    </None>
    <None Include="cubemap_fs.glsl">
      <Filter>리소스 파일\cubemap</Filter>
    </None>
    <None Include="cubemap_vs.glsl">
      <Filter>리소스 파일\cubemap</Filter>
    </None>
    <None Include="skybox_fs.glsl">
      <Filter>리소스 파일\cubemap</Filter>
    </None>
    <None Include="skybox_vs.glsl">
      <Filter>리소스 파일\cubemap</Filter>
    </None>
    <None Include="basic_light_fs.glsl">
      <Filter>리소스 파일\basic</Filter>
    </None>
    <None Include="basic_vertex.glsl">
      <Filter>리소스 파일\basic</Filter>
    </None>
    <None Include="OldFragment.glsl">
      <Filter>리소스 파일\basic</Filter>
    </None>
    <None Include="OldVertex.glsl">
      <Filter>리소스 파일\basic</Filter>
    </None>
    <None Include="framebuffer_screen_fs.glsl">
      <Filter>리소스 파일\framebuffer</Filter>
    </None>
    <None Include="framebuffer_screen_vs.glsl">
      <Filter>리소스 파일\framebuffer</Filter>
    </None>
    <None Include="model_fragment.glsl">
      <Filter>리소스 파일\model</Filter>
    </None>
    <None Include="model_vertex.glsl">
      <Filter>리소스 파일\model</Filter>
    </None>
    <None Include="Planet_fs.glsl">
      <Filter>리소스 파일\planet</Filter>
    </None>
    <None Include="Planet_vs.glsl">
      <Filter>리소스 파일\planet</Filter>
    </None>
    <None Include="asteroids_fs.glsl">
      <Filter>리소스 파일\asteroids</Filter>
    </None>
    <None Include="asteroids_vs.glsl">
      <Filter>리소스 파일\asteroids</Filter>
    </None>
    <None Include="stencil_single_color_fs.glsl">
      <Filter>리소스 파일\stencil</Filter>
    </None>
    <None Include="stencil_testing_fs.glsl">
      <Filter>리소스 파일\stencil</Filter>
    </None>
    <None Include="stencil_testing_vs.glsl">
      <Filter>리소스 파일\stencil</Filter>
    </None>
    <None Include="basic_light_vs.glsl">
      <Filter>리소스 파일\basic</Filter>
    </None>
    <None Include="model_geometry.glsl">
      <Filter>리소스 파일\model</Filter>
    </None>
  </ItemGroup>
</Project>